
Microsoft Visual Studio Solution File, Format Version 12.00
# Visual Studio Version 17
VisualStudioVersion = 17.0.31903.59
MinimumVisualStudioVersion = 10.0.40219.1
Project("{2150E333-8FDC-42A3-9474-1A3956D46DE8}") = "Common", "Common", "{881589EE-639B-0A35-DBCE-5D94E4FC90C0}"
EndProject
Project("{2150E333-8FDC-42A3-9474-1A3956D46DE8}") = "Unit", "Unit", "{AB07AAEB-2C7A-1088-880A-08DB82DA218D}"
EndProject
Project("{FAE04EC0-301F-11D3-BF4B-00C04F79EFBC}") = "CommonTestLibrary", "Common\CommonTestLibrary\CommonTestLibrary.csproj", "{1CB1401D-14A9-4F15-9A3F-81349FAD32D3}"
EndProject
Project("{FAE04EC0-301F-11D3-BF4B-00C04F79EFBC}") = "KioskClient.Spec", "Unit\KioskClient.Spec\KioskClient.Spec.csproj", "{0D8035A2-404B-42D8-B66C-36EC014F5F26}"
EndProject
Project("{FAE04EC0-301F-11D3-BF4B-00C04F79EFBC}") = "KioskLibrary.Spec", "Unit\KioskLibrary.Spec\KioskLibrary.Spec.csproj", "{0DBA46F0-A6C9-49EA-B462-63964B1057AB}"
EndProject
Project("{FAE04EC0-301F-11D3-BF4B-00C04F79EFBC}") = "OrchestrationPollingManager.Spec", "Unit\OrchestrationPollingManager.Spec\OrchestrationPollingManager.Spec.csproj", "{9164D7B6-39E2-4782-ADCB-6230F275A234}"
EndProject
Global
	GlobalSection(SolutionConfigurationPlatforms) = preSolution
		Debug .Net Native|Any CPU = Debug .Net Native|Any CPU
		Debug .Net Native|ARM = Debug .Net Native|ARM
		Debug .Net Native|ARM64 = Debug .Net Native|ARM64
		Debug .Net Native|x64 = Debug .Net Native|x64
		Debug .Net Native|x86 = Debug .Net Native|x86
		Debug|Any CPU = Debug|Any CPU
		Debug|ARM = Debug|ARM
		Debug|ARM64 = Debug|ARM64
		Debug|x64 = Debug|x64
		Debug|x86 = Debug|x86
		Release|Any CPU = Release|Any CPU
		Release|ARM = Release|ARM
		Release|ARM64 = Release|ARM64
		Release|x64 = Release|x64
		Release|x86 = Release|x86
	EndGlobalSection
	GlobalSection(ProjectConfigurationPlatforms) = postSolution
		{1CB1401D-14A9-4F15-9A3F-81349FAD32D3}.Debug .Net Native|Any CPU.ActiveCfg = Debug .Net Native|Any CPU
		{1CB1401D-14A9-4F15-9A3F-81349FAD32D3}.Debug .Net Native|Any CPU.Build.0 = Debug .Net Native|Any CPU
		{1CB1401D-14A9-4F15-9A3F-81349FAD32D3}.Debug .Net Native|ARM.ActiveCfg = Debug .Net Native|ARM
		{1CB1401D-14A9-4F15-9A3F-81349FAD32D3}.Debug .Net Native|ARM.Build.0 = Debug .Net Native|ARM
		{1CB1401D-14A9-4F15-9A3F-81349FAD32D3}.Debug .Net Native|ARM64.ActiveCfg = Debug .Net Native|ARM64
		{1CB1401D-14A9-4F15-9A3F-81349FAD32D3}.Debug .Net Native|ARM64.Build.0 = Debug .Net Native|ARM64
		{1CB1401D-14A9-4F15-9A3F-81349FAD32D3}.Debug .Net Native|x64.ActiveCfg = Debug .Net Native|x64
		{1CB1401D-14A9-4F15-9A3F-81349FAD32D3}.Debug .Net Native|x64.Build.0 = Debug .Net Native|x64
		{1CB1401D-14A9-4F15-9A3F-81349FAD32D3}.Debug .Net Native|x86.ActiveCfg = Debug .Net Native|x86
		{1CB1401D-14A9-4F15-9A3F-81349FAD32D3}.Debug .Net Native|x86.Build.0 = Debug .Net Native|x86
		{1CB1401D-14A9-4F15-9A3F-81349FAD32D3}.Debug|Any CPU.ActiveCfg = Debug|Any CPU
		{1CB1401D-14A9-4F15-9A3F-81349FAD32D3}.Debug|Any CPU.Build.0 = Debug|Any CPU
		{1CB1401D-14A9-4F15-9A3F-81349FAD32D3}.Debug|ARM.ActiveCfg = Debug|ARM
		{1CB1401D-14A9-4F15-9A3F-81349FAD32D3}.Debug|ARM.Build.0 = Debug|ARM
		{1CB1401D-14A9-4F15-9A3F-81349FAD32D3}.Debug|ARM64.ActiveCfg = Debug|ARM64
		{1CB1401D-14A9-4F15-9A3F-81349FAD32D3}.Debug|ARM64.Build.0 = Debug|ARM64
		{1CB1401D-14A9-4F15-9A3F-81349FAD32D3}.Debug|x64.ActiveCfg = Debug|x64
		{1CB1401D-14A9-4F15-9A3F-81349FAD32D3}.Debug|x64.Build.0 = Debug|x64
		{1CB1401D-14A9-4F15-9A3F-81349FAD32D3}.Debug|x86.ActiveCfg = Debug|x86
		{1CB1401D-14A9-4F15-9A3F-81349FAD32D3}.Debug|x86.Build.0 = Debug|x86
		{1CB1401D-14A9-4F15-9A3F-81349FAD32D3}.Release|Any CPU.ActiveCfg = Release|Any CPU
		{1CB1401D-14A9-4F15-9A3F-81349FAD32D3}.Release|Any CPU.Build.0 = Release|Any CPU
		{1CB1401D-14A9-4F15-9A3F-81349FAD32D3}.Release|ARM.ActiveCfg = Release|ARM
		{1CB1401D-14A9-4F15-9A3F-81349FAD32D3}.Release|ARM.Build.0 = Release|ARM
		{1CB1401D-14A9-4F15-9A3F-81349FAD32D3}.Release|ARM64.ActiveCfg = Release|ARM64
		{1CB1401D-14A9-4F15-9A3F-81349FAD32D3}.Release|ARM64.Build.0 = Release|ARM64
		{1CB1401D-14A9-4F15-9A3F-81349FAD32D3}.Release|x64.ActiveCfg = Release|x64
		{1CB1401D-14A9-4F15-9A3F-81349FAD32D3}.Release|x64.Build.0 = Release|x64
		{1CB1401D-14A9-4F15-9A3F-81349FAD32D3}.Release|x86.ActiveCfg = Release|x86
		{1CB1401D-14A9-4F15-9A3F-81349FAD32D3}.Release|x86.Build.0 = Release|x86
		{0D8035A2-404B-42D8-B66C-36EC014F5F26}.Debug .Net Native|Any CPU.ActiveCfg = Debug .Net Native|x64
		{0D8035A2-404B-42D8-B66C-36EC014F5F26}.Debug .Net Native|Any CPU.Build.0 = Debug .Net Native|x64
		{0D8035A2-404B-42D8-B66C-36EC014F5F26}.Debug .Net Native|Any CPU.Deploy.0 = Debug .Net Native|x64
		{0D8035A2-404B-42D8-B66C-36EC014F5F26}.Debug .Net Native|ARM.ActiveCfg = Debug .Net Native|ARM
		{0D8035A2-404B-42D8-B66C-36EC014F5F26}.Debug .Net Native|ARM.Build.0 = Debug .Net Native|ARM
		{0D8035A2-404B-42D8-B66C-36EC014F5F26}.Debug .Net Native|ARM.Deploy.0 = Debug .Net Native|ARM
		{0D8035A2-404B-42D8-B66C-36EC014F5F26}.Debug .Net Native|ARM64.ActiveCfg = Debug .Net Native|ARM64
		{0D8035A2-404B-42D8-B66C-36EC014F5F26}.Debug .Net Native|ARM64.Build.0 = Debug .Net Native|ARM64
		{0D8035A2-404B-42D8-B66C-36EC014F5F26}.Debug .Net Native|ARM64.Deploy.0 = Debug .Net Native|ARM64
		{0D8035A2-404B-42D8-B66C-36EC014F5F26}.Debug .Net Native|x64.ActiveCfg = Debug .Net Native|x64
		{0D8035A2-404B-42D8-B66C-36EC014F5F26}.Debug .Net Native|x64.Build.0 = Debug .Net Native|x64
		{0D8035A2-404B-42D8-B66C-36EC014F5F26}.Debug .Net Native|x64.Deploy.0 = Debug .Net Native|x64
		{0D8035A2-404B-42D8-B66C-36EC014F5F26}.Debug .Net Native|x86.ActiveCfg = Debug .Net Native|x86
		{0D8035A2-404B-42D8-B66C-36EC014F5F26}.Debug .Net Native|x86.Build.0 = Debug .Net Native|x86
		{0D8035A2-404B-42D8-B66C-36EC014F5F26}.Debug .Net Native|x86.Deploy.0 = Debug .Net Native|x86
		{0D8035A2-404B-42D8-B66C-36EC014F5F26}.Debug|Any CPU.ActiveCfg = Debug|x64
		{0D8035A2-404B-42D8-B66C-36EC014F5F26}.Debug|Any CPU.Build.0 = Debug|x64
		{0D8035A2-404B-42D8-B66C-36EC014F5F26}.Debug|Any CPU.Deploy.0 = Debug|x64
		{0D8035A2-404B-42D8-B66C-36EC014F5F26}.Debug|ARM.ActiveCfg = Debug|ARM
		{0D8035A2-404B-42D8-B66C-36EC014F5F26}.Debug|ARM.Build.0 = Debug|ARM
		{0D8035A2-404B-42D8-B66C-36EC014F5F26}.Debug|ARM.Deploy.0 = Debug|ARM
		{0D8035A2-404B-42D8-B66C-36EC014F5F26}.Debug|ARM64.ActiveCfg = Debug|ARM64
		{0D8035A2-404B-42D8-B66C-36EC014F5F26}.Debug|ARM64.Build.0 = Debug|ARM64
		{0D8035A2-404B-42D8-B66C-36EC014F5F26}.Debug|ARM64.Deploy.0 = Debug|ARM64
		{0D8035A2-404B-42D8-B66C-36EC014F5F26}.Debug|x64.ActiveCfg = Debug|x64
		{0D8035A2-404B-42D8-B66C-36EC014F5F26}.Debug|x64.Build.0 = Debug|x64
		{0D8035A2-404B-42D8-B66C-36EC014F5F26}.Debug|x64.Deploy.0 = Debug|x64
		{0D8035A2-404B-42D8-B66C-36EC014F5F26}.Debug|x86.ActiveCfg = Debug|x86
		{0D8035A2-404B-42D8-B66C-36EC014F5F26}.Debug|x86.Build.0 = Debug|x86
		{0D8035A2-404B-42D8-B66C-36EC014F5F26}.Debug|x86.Deploy.0 = Debug|x86
		{0D8035A2-404B-42D8-B66C-36EC014F5F26}.Release|Any CPU.ActiveCfg = Release|x64
		{0D8035A2-404B-42D8-B66C-36EC014F5F26}.Release|Any CPU.Build.0 = Release|x64
		{0D8035A2-404B-42D8-B66C-36EC014F5F26}.Release|Any CPU.Deploy.0 = Release|x64
		{0D8035A2-404B-42D8-B66C-36EC014F5F26}.Release|ARM.ActiveCfg = Release|ARM
		{0D8035A2-404B-42D8-B66C-36EC014F5F26}.Release|ARM.Build.0 = Release|ARM
		{0D8035A2-404B-42D8-B66C-36EC014F5F26}.Release|ARM.Deploy.0 = Release|ARM
		{0D8035A2-404B-42D8-B66C-36EC014F5F26}.Release|ARM64.ActiveCfg = Release|ARM64
		{0D8035A2-404B-42D8-B66C-36EC014F5F26}.Release|ARM64.Build.0 = Release|ARM64
		{0D8035A2-404B-42D8-B66C-36EC014F5F26}.Release|ARM64.Deploy.0 = Release|ARM64
		{0D8035A2-404B-42D8-B66C-36EC014F5F26}.Release|x64.ActiveCfg = Release|x64
		{0D8035A2-404B-42D8-B66C-36EC014F5F26}.Release|x64.Build.0 = Release|x64
		{0D8035A2-404B-42D8-B66C-36EC014F5F26}.Release|x64.Deploy.0 = Release|x64
		{0D8035A2-404B-42D8-B66C-36EC014F5F26}.Release|x86.ActiveCfg = Release|x86
		{0D8035A2-404B-42D8-B66C-36EC014F5F26}.Release|x86.Build.0 = Release|x86
		{0D8035A2-404B-42D8-B66C-36EC014F5F26}.Release|x86.Deploy.0 = Release|x86
		{0DBA46F0-A6C9-49EA-B462-63964B1057AB}.Debug .Net Native|Any CPU.ActiveCfg = Debug .Net Native|x64
		{0DBA46F0-A6C9-49EA-B462-63964B1057AB}.Debug .Net Native|Any CPU.Build.0 = Debug .Net Native|x64
		{0DBA46F0-A6C9-49EA-B462-63964B1057AB}.Debug .Net Native|Any CPU.Deploy.0 = Debug .Net Native|x64
		{0DBA46F0-A6C9-49EA-B462-63964B1057AB}.Debug .Net Native|ARM.ActiveCfg = Debug .Net Native|ARM
		{0DBA46F0-A6C9-49EA-B462-63964B1057AB}.Debug .Net Native|ARM.Build.0 = Debug .Net Native|ARM
		{0DBA46F0-A6C9-49EA-B462-63964B1057AB}.Debug .Net Native|ARM.Deploy.0 = Debug .Net Native|ARM
		{0DBA46F0-A6C9-49EA-B462-63964B1057AB}.Debug .Net Native|ARM64.ActiveCfg = Debug .Net Native|ARM64
		{0DBA46F0-A6C9-49EA-B462-63964B1057AB}.Debug .Net Native|ARM64.Build.0 = Debug .Net Native|ARM64
		{0DBA46F0-A6C9-49EA-B462-63964B1057AB}.Debug .Net Native|ARM64.Deploy.0 = Debug .Net Native|ARM64
		{0DBA46F0-A6C9-49EA-B462-63964B1057AB}.Debug .Net Native|x64.ActiveCfg = Debug .Net Native|x64
		{0DBA46F0-A6C9-49EA-B462-63964B1057AB}.Debug .Net Native|x64.Build.0 = Debug .Net Native|x64
		{0DBA46F0-A6C9-49EA-B462-63964B1057AB}.Debug .Net Native|x64.Deploy.0 = Debug .Net Native|x64
		{0DBA46F0-A6C9-49EA-B462-63964B1057AB}.Debug .Net Native|x86.ActiveCfg = Debug .Net Native|x86
		{0DBA46F0-A6C9-49EA-B462-63964B1057AB}.Debug .Net Native|x86.Build.0 = Debug .Net Native|x86
		{0DBA46F0-A6C9-49EA-B462-63964B1057AB}.Debug .Net Native|x86.Deploy.0 = Debug .Net Native|x86
		{0DBA46F0-A6C9-49EA-B462-63964B1057AB}.Debug|Any CPU.ActiveCfg = Debug|x64
		{0DBA46F0-A6C9-49EA-B462-63964B1057AB}.Debug|Any CPU.Build.0 = Debug|x64
		{0DBA46F0-A6C9-49EA-B462-63964B1057AB}.Debug|Any CPU.Deploy.0 = Debug|x64
		{0DBA46F0-A6C9-49EA-B462-63964B1057AB}.Debug|ARM.ActiveCfg = Debug|ARM
		{0DBA46F0-A6C9-49EA-B462-63964B1057AB}.Debug|ARM.Build.0 = Debug|ARM
		{0DBA46F0-A6C9-49EA-B462-63964B1057AB}.Debug|ARM.Deploy.0 = Debug|ARM
		{0DBA46F0-A6C9-49EA-B462-63964B1057AB}.Debug|ARM64.ActiveCfg = Debug|ARM64
		{0DBA46F0-A6C9-49EA-B462-63964B1057AB}.Debug|ARM64.Build.0 = Debug|ARM64
		{0DBA46F0-A6C9-49EA-B462-63964B1057AB}.Debug|ARM64.Deploy.0 = Debug|ARM64
		{0DBA46F0-A6C9-49EA-B462-63964B1057AB}.Debug|x64.ActiveCfg = Debug|x64
		{0DBA46F0-A6C9-49EA-B462-63964B1057AB}.Debug|x64.Build.0 = Debug|x64
		{0DBA46F0-A6C9-49EA-B462-63964B1057AB}.Debug|x64.Deploy.0 = Debug|x64
		{0DBA46F0-A6C9-49EA-B462-63964B1057AB}.Debug|x86.ActiveCfg = Debug|x86
		{0DBA46F0-A6C9-49EA-B462-63964B1057AB}.Debug|x86.Build.0 = Debug|x86
		{0DBA46F0-A6C9-49EA-B462-63964B1057AB}.Debug|x86.Deploy.0 = Debug|x86
		{0DBA46F0-A6C9-49EA-B462-63964B1057AB}.Release|Any CPU.ActiveCfg = Release|x64
		{0DBA46F0-A6C9-49EA-B462-63964B1057AB}.Release|Any CPU.Build.0 = Release|x64
		{0DBA46F0-A6C9-49EA-B462-63964B1057AB}.Release|Any CPU.Deploy.0 = Release|x64
		{0DBA46F0-A6C9-49EA-B462-63964B1057AB}.Release|ARM.ActiveCfg = Release|ARM
		{0DBA46F0-A6C9-49EA-B462-63964B1057AB}.Release|ARM.Build.0 = Release|ARM
		{0DBA46F0-A6C9-49EA-B462-63964B1057AB}.Release|ARM.Deploy.0 = Release|ARM
		{0DBA46F0-A6C9-49EA-B462-63964B1057AB}.Release|ARM64.ActiveCfg = Release|ARM64
		{0DBA46F0-A6C9-49EA-B462-63964B1057AB}.Release|ARM64.Build.0 = Release|ARM64
		{0DBA46F0-A6C9-49EA-B462-63964B1057AB}.Release|ARM64.Deploy.0 = Release|ARM64
		{0DBA46F0-A6C9-49EA-B462-63964B1057AB}.Release|x64.ActiveCfg = Release|x64
		{0DBA46F0-A6C9-49EA-B462-63964B1057AB}.Release|x64.Build.0 = Release|x64
		{0DBA46F0-A6C9-49EA-B462-63964B1057AB}.Release|x64.Deploy.0 = Release|x64
		{0DBA46F0-A6C9-49EA-B462-63964B1057AB}.Release|x86.ActiveCfg = Release|x86
		{0DBA46F0-A6C9-49EA-B462-63964B1057AB}.Release|x86.Build.0 = Release|x86
		{0DBA46F0-A6C9-49EA-B462-63964B1057AB}.Release|x86.Deploy.0 = Release|x86
		{9164D7B6-39E2-4782-ADCB-6230F275A234}.Debug .Net Native|Any CPU.ActiveCfg = Debug .Net Native|x64
		{9164D7B6-39E2-4782-ADCB-6230F275A234}.Debug .Net Native|Any CPU.Build.0 = Debug .Net Native|x64
		{9164D7B6-39E2-4782-ADCB-6230F275A234}.Debug .Net Native|Any CPU.Deploy.0 = Debug .Net Native|x64
		{9164D7B6-39E2-4782-ADCB-6230F275A234}.Debug .Net Native|ARM.ActiveCfg = Debug .Net Native|ARM
		{9164D7B6-39E2-4782-ADCB-6230F275A234}.Debug .Net Native|ARM.Build.0 = Debug .Net Native|ARM
		{9164D7B6-39E2-4782-ADCB-6230F275A234}.Debug .Net Native|ARM.Deploy.0 = Debug .Net Native|ARM
		{9164D7B6-39E2-4782-ADCB-6230F275A234}.Debug .Net Native|ARM64.ActiveCfg = Debug .Net Native|ARM64
		{9164D7B6-39E2-4782-ADCB-6230F275A234}.Debug .Net Native|ARM64.Build.0 = Debug .Net Native|ARM64
		{9164D7B6-39E2-4782-ADCB-6230F275A234}.Debug .Net Native|ARM64.Deploy.0 = Debug .Net Native|ARM64
		{9164D7B6-39E2-4782-ADCB-6230F275A234}.Debug .Net Native|x64.ActiveCfg = Debug .Net Native|x64
		{9164D7B6-39E2-4782-ADCB-6230F275A234}.Debug .Net Native|x64.Build.0 = Debug .Net Native|x64
		{9164D7B6-39E2-4782-ADCB-6230F275A234}.Debug .Net Native|x64.Deploy.0 = Debug .Net Native|x64
		{9164D7B6-39E2-4782-ADCB-6230F275A234}.Debug .Net Native|x86.ActiveCfg = Debug .Net Native|x86
		{9164D7B6-39E2-4782-ADCB-6230F275A234}.Debug .Net Native|x86.Build.0 = Debug .Net Native|x86
		{9164D7B6-39E2-4782-ADCB-6230F275A234}.Debug .Net Native|x86.Deploy.0 = Debug .Net Native|x86
		{9164D7B6-39E2-4782-ADCB-6230F275A234}.Debug|Any CPU.ActiveCfg = Debug|x64
		{9164D7B6-39E2-4782-ADCB-6230F275A234}.Debug|Any CPU.Build.0 = Debug|x64
		{9164D7B6-39E2-4782-ADCB-6230F275A234}.Debug|Any CPU.Deploy.0 = Debug|x64
		{9164D7B6-39E2-4782-ADCB-6230F275A234}.Debug|ARM.ActiveCfg = Debug|ARM
		{9164D7B6-39E2-4782-ADCB-6230F275A234}.Debug|ARM.Build.0 = Debug|ARM
		{9164D7B6-39E2-4782-ADCB-6230F275A234}.Debug|ARM.Deploy.0 = Debug|ARM
		{9164D7B6-39E2-4782-ADCB-6230F275A234}.Debug|ARM64.ActiveCfg = Debug|ARM64
		{9164D7B6-39E2-4782-ADCB-6230F275A234}.Debug|ARM64.Build.0 = Debug|ARM64
		{9164D7B6-39E2-4782-ADCB-6230F275A234}.Debug|ARM64.Deploy.0 = Debug|ARM64
		{9164D7B6-39E2-4782-ADCB-6230F275A234}.Debug|x64.ActiveCfg = Debug|x64
		{9164D7B6-39E2-4782-ADCB-6230F275A234}.Debug|x64.Build.0 = Debug|x64
		{9164D7B6-39E2-4782-ADCB-6230F275A234}.Debug|x64.Deploy.0 = Debug|x64
		{9164D7B6-39E2-4782-ADCB-6230F275A234}.Debug|x86.ActiveCfg = Debug|x86
		{9164D7B6-39E2-4782-ADCB-6230F275A234}.Debug|x86.Build.0 = Debug|x86
		{9164D7B6-39E2-4782-ADCB-6230F275A234}.Debug|x86.Deploy.0 = Debug|x86
		{9164D7B6-39E2-4782-ADCB-6230F275A234}.Release|Any CPU.ActiveCfg = Release|x64
		{9164D7B6-39E2-4782-ADCB-6230F275A234}.Release|Any CPU.Build.0 = Release|x64
		{9164D7B6-39E2-4782-ADCB-6230F275A234}.Release|Any CPU.Deploy.0 = Release|x64
		{9164D7B6-39E2-4782-ADCB-6230F275A234}.Release|ARM.ActiveCfg = Release|ARM
		{9164D7B6-39E2-4782-ADCB-6230F275A234}.Release|ARM.Build.0 = Release|ARM
		{9164D7B6-39E2-4782-ADCB-6230F275A234}.Release|ARM.Deploy.0 = Release|ARM
		{9164D7B6-39E2-4782-ADCB-6230F275A234}.Release|ARM64.ActiveCfg = Release|ARM64
		{9164D7B6-39E2-4782-ADCB-6230F275A234}.Release|ARM64.Build.0 = Release|ARM64
		{9164D7B6-39E2-4782-ADCB-6230F275A234}.Release|ARM64.Deploy.0 = Release|ARM64
		{9164D7B6-39E2-4782-ADCB-6230F275A234}.Release|x64.ActiveCfg = Release|x64
		{9164D7B6-39E2-4782-ADCB-6230F275A234}.Release|x64.Build.0 = Release|x64
		{9164D7B6-39E2-4782-ADCB-6230F275A234}.Release|x64.Deploy.0 = Release|x64
		{9164D7B6-39E2-4782-ADCB-6230F275A234}.Release|x86.ActiveCfg = Release|x86
		{9164D7B6-39E2-4782-ADCB-6230F275A234}.Release|x86.Build.0 = Release|x86
		{9164D7B6-39E2-4782-ADCB-6230F275A234}.Release|x86.Deploy.0 = Release|x86
	EndGlobalSection
	GlobalSection(SolutionProperties) = preSolution
		HideSolutionNode = FALSE
	EndGlobalSection
	GlobalSection(NestedProjects) = preSolution
		{1CB1401D-14A9-4F15-9A3F-81349FAD32D3} = {881589EE-639B-0A35-DBCE-5D94E4FC90C0}
		{0D8035A2-404B-42D8-B66C-36EC014F5F26} = {AB07AAEB-2C7A-1088-880A-08DB82DA218D}
		{0DBA46F0-A6C9-49EA-B462-63964B1057AB} = {AB07AAEB-2C7A-1088-880A-08DB82DA218D}
		{9164D7B6-39E2-4782-ADCB-6230F275A234} = {AB07AAEB-2C7A-1088-880A-08DB82DA218D}
	EndGlobalSection
EndGlobal
