<Solution>
  <Configurations>
    <Platform Name="Any CPU" />
    <Platform Name="x64" />
  </Configurations>
  <Folder Name="/src/">
    <Project Path="src/KioskClient.Core/KioskClient.Core.csproj">
      <Platform Solution="*|x64" Project="x64" />
    </Project>
    <Project Path="src/KioskClient/KioskClient.csproj">
      <Platform Solution="*|x64" Project="x64" />
    </Project>
  </Folder>
  <Folder Name="/tests/">
    <Project Path="tests/KioskClient.Tests/KioskClient.Tests.csproj">
      <Platform Solution="*|x64" Project="x64" />
    </Project>
  </Folder>
</Solution>
